// !$*UTF8*$!
{
	archiveVersion = 1;
	classes = {
	};
	objectVersion = 46;
	objects = {

/* Begin PBXBuildFile section */
		EA098CB518C1093200A41031 /* TextbookVC.m in Sources */ = {isa = PBXBuildFile; fileRef = EA098CB418C1093200A41031 /* TextbookVC.m */; };
		EA098CBF18C11FD200A41031 /* TextbooksClassVC.m in Sources */ = {isa = PBXBuildFile; fileRef = EA098CBE18C11FD200A41031 /* TextbooksClassVC.m */; };
		EA1018D51919404D003AF4A7 /* DatabaseResource.m in Sources */ = {isa = PBXBuildFile; fileRef = EA1018D41919404D003AF4A7 /* DatabaseResource.m */; };
		EA1018DD191AC013003AF4A7 /* FAQVC.m in Sources */ = {isa = PBXBuildFile; fileRef = EA1018DC191AC013003AF4A7 /* FAQVC.m */; };
		EA1018E0191AC19B003AF4A7 /* FAQ.m in Sources */ = {isa = PBXBuildFile; fileRef = EA1018DF191AC19B003AF4A7 /* FAQ.m */; };
		EA2AEE9C18E610D7002C95AE /* CreateTextbookVC.m in Sources */ = {isa = PBXBuildFile; fileRef = EA2AEE9B18E610D7002C95AE /* CreateTextbookVC.m */; };
		EA2AEE9F18E61354002C95AE /* viewTextbook.m in Sources */ = {isa = PBXBuildFile; fileRef = EA2AEE9E18E61354002C95AE /* viewTextbook.m */; };
		EA2BEA6D18B80C1200970E8E /* MainMenuVC.m in Sources */ = {isa = PBXBuildFile; fileRef = EA2BEA6C18B80C1200970E8E /* MainMenuVC.m */; };
		EA32516E191BE908006BBF9E /* DetailedFAQVC.m in Sources */ = {isa = PBXBuildFile; fileRef = EA32516D191BE908006BBF9E /* DetailedFAQVC.m */; };
		EA35E63018A2B4FE0087CE4F /* DetailedRSSVC.m in Sources */ = {isa = PBXBuildFile; fileRef = EA35E62F18A2B4FE0087CE4F /* DetailedRSSVC.m */; };
		EA35FAD918A05B59008A36E3 /* RSSVC.m in Sources */ = {isa = PBXBuildFile; fileRef = EA35FAD818A05B59008A36E3 /* RSSVC.m */; };
		EA3A4978189C294C00EFD00E /* GoogleCal.m in Sources */ = {isa = PBXBuildFile; fileRef = EA3A4977189C294C00EFD00E /* GoogleCal.m */; };
		EA55056B18F8663C009D4DAF /* Authors.m in Sources */ = {isa = PBXBuildFile; fileRef = EA55056A18F8663C009D4DAF /* Authors.m */; };
		EA55056E18F8663C009D4DAF /* Course_Textbook.m in Sources */ = {isa = PBXBuildFile; fileRef = EA55056D18F8663C009D4DAF /* Course_Textbook.m */; };
		EA55057118F8663C009D4DAF /* Textbook.m in Sources */ = {isa = PBXBuildFile; fileRef = EA55057018F8663C009D4DAF /* Textbook.m */; };
		EA55057418F8663C009D4DAF /* Author_Textbook.m in Sources */ = {isa = PBXBuildFile; fileRef = EA55057318F8663C009D4DAF /* Author_Textbook.m */; };
		EA55057718F8663C009D4DAF /* Courses.m in Sources */ = {isa = PBXBuildFile; fileRef = EA55057618F8663C009D4DAF /* Courses.m */; };
		EA5D58A21896FF39005A9C47 /* Foundation.framework in Frameworks */ = {isa = PBXBuildFile; fileRef = EA5D58A11896FF39005A9C47 /* Foundation.framework */; };
		EA5D58A41896FF39005A9C47 /* CoreGraphics.framework in Frameworks */ = {isa = PBXBuildFile; fileRef = EA5D58A31896FF39005A9C47 /* CoreGraphics.framework */; };
		EA5D58A61896FF39005A9C47 /* UIKit.framework in Frameworks */ = {isa = PBXBuildFile; fileRef = EA5D58A51896FF39005A9C47 /* UIKit.framework */; };
		EA5D58AC1896FF39005A9C47 /* InfoPlist.strings in Resources */ = {isa = PBXBuildFile; fileRef = EA5D58AA1896FF39005A9C47 /* InfoPlist.strings */; };
		EA5D58AE1896FF39005A9C47 /* main.m in Sources */ = {isa = PBXBuildFile; fileRef = EA5D58AD1896FF39005A9C47 /* main.m */; };
		EA5D58B21896FF39005A9C47 /* AppDelegate.m in Sources */ = {isa = PBXBuildFile; fileRef = EA5D58B11896FF39005A9C47 /* AppDelegate.m */; };
		EA5D58B51896FF39005A9C47 /* Main.storyboard in Resources */ = {isa = PBXBuildFile; fileRef = EA5D58B31896FF39005A9C47 /* Main.storyboard */; };
		EA5D58BA1896FF39005A9C47 /* Images.xcassets in Resources */ = {isa = PBXBuildFile; fileRef = EA5D58B91896FF39005A9C47 /* Images.xcassets */; };
		EA5D58C11896FF39005A9C47 /* XCTest.framework in Frameworks */ = {isa = PBXBuildFile; fileRef = EA5D58C01896FF39005A9C47 /* XCTest.framework */; };
		EA5D58C21896FF39005A9C47 /* Foundation.framework in Frameworks */ = {isa = PBXBuildFile; fileRef = EA5D58A11896FF39005A9C47 /* Foundation.framework */; };
		EA5D58C31896FF39005A9C47 /* UIKit.framework in Frameworks */ = {isa = PBXBuildFile; fileRef = EA5D58A51896FF39005A9C47 /* UIKit.framework */; };
		EA5D58CB1896FF39005A9C47 /* InfoPlist.strings in Resources */ = {isa = PBXBuildFile; fileRef = EA5D58C91896FF39005A9C47 /* InfoPlist.strings */; };
		EA5D58CD1896FF39005A9C47 /* Library_AppTests.m in Sources */ = {isa = PBXBuildFile; fileRef = EA5D58CC1896FF39005A9C47 /* Library_AppTests.m */; };
		EA5D58D8189700AD005A9C47 /* HoursVC.m in Sources */ = {isa = PBXBuildFile; fileRef = EA5D58D7189700AD005A9C47 /* HoursVC.m */; };
		EA5E3F9918C135B5000064D6 /* TextbookTBVC.m in Sources */ = {isa = PBXBuildFile; fileRef = EA5E3F9818C135B5000064D6 /* TextbookTBVC.m */; };
		EA67846718BBE41F00BAF544 /* Textbooks.xcdatamodeld in Sources */ = {isa = PBXBuildFile; fileRef = EA67846518BBE41F00BAF544 /* Textbooks.xcdatamodeld */; };
		EA67846918BBE68A00BAF544 /* CoreData.framework in Frameworks */ = {isa = PBXBuildFile; fileRef = EA67846818BBE68A00BAF544 /* CoreData.framework */; };
		EA6C8AA918CA7755005EFBE7 /* TextbookC.m in Sources */ = {isa = PBXBuildFile; fileRef = EA6C8AA818CA7755005EFBE7 /* TextbookC.m */; };
		EA7FAD4518A2AB3D007612DA /* MWFeedParser.m in Sources */ = {isa = PBXBuildFile; fileRef = EA7FAD3A18A2AB3D007612DA /* MWFeedParser.m */; };
		EA7FAD4618A2AB3D007612DA /* MWFeedInfo.m in Sources */ = {isa = PBXBuildFile; fileRef = EA7FAD3C18A2AB3D007612DA /* MWFeedInfo.m */; };
		EA7FAD4718A2AB3D007612DA /* MWFeedItem.m in Sources */ = {isa = PBXBuildFile; fileRef = EA7FAD3E18A2AB3D007612DA /* MWFeedItem.m */; };
		EA7FAD4818A2AB3D007612DA /* NSString+HTML.m in Sources */ = {isa = PBXBuildFile; fileRef = EA7FAD4018A2AB3D007612DA /* NSString+HTML.m */; };
		EA7FAD4918A2AB3D007612DA /* NSDate+InternetDateTime.m in Sources */ = {isa = PBXBuildFile; fileRef = EA7FAD4218A2AB3D007612DA /* NSDate+InternetDateTime.m */; };
		EA7FAD4A18A2AB3D007612DA /* GTMNSString+HTML.m in Sources */ = {isa = PBXBuildFile; fileRef = EA7FAD4418A2AB3D007612DA /* GTMNSString+HTML.m */; };
		EA82973A1901D04A007839BF /* DatabaseVC.m in Sources */ = {isa = PBXBuildFile; fileRef = EA8297391901D04A007839BF /* DatabaseVC.m */; };
		EA87367A18D7996E002EF060 /* libMailCore-ios.a in Frameworks */ = {isa = PBXBuildFile; fileRef = EA87367118D79880002EF060 /* libMailCore-ios.a */; };
		EAB420F518A57979000A1831 /* CFNetwork.framework in Frameworks */ = {isa = PBXBuildFile; fileRef = EAB420F418A57979000A1831 /* CFNetwork.framework */; };
		EAB420F718A57981000A1831 /* Security.framework in Frameworks */ = {isa = PBXBuildFile; fileRef = EAB420F618A57981000A1831 /* Security.framework */; };
		EABFDD8F18A54B050044E7E4 /* FeedbackVC.m in Sources */ = {isa = PBXBuildFile; fileRef = EABFDD8E18A54B050044E7E4 /* FeedbackVC.m */; };
		EAFFF8D818EF3F0F00510640 /* NSObject+SBJSON.m in Sources */ = {isa = PBXBuildFile; fileRef = EAFFF8D318EF3F0F00510640 /* NSObject+SBJSON.m */; };
		EAFFF8D918EF3F0F00510640 /* NSString+SBJSON.m in Sources */ = {isa = PBXBuildFile; fileRef = EAFFF8D518EF3F0F00510640 /* NSString+SBJSON.m */; };
		EAFFF8DA18EF3F0F00510640 /* SBJSON.m in Sources */ = {isa = PBXBuildFile; fileRef = EAFFF8D718EF3F0F00510640 /* SBJSON.m */; };
		EAFFF8F318EF3F4900510640 /* Base64Transcoder.c in Sources */ = {isa = PBXBuildFile; fileRef = EAFFF8DD18EF3F4900510640 /* Base64Transcoder.c */; };
		EAFFF8F418EF3F4900510640 /* NSData+OAuthResponse.m in Sources */ = {isa = PBXBuildFile; fileRef = EAFFF8E018EF3F4900510640 /* NSData+OAuthResponse.m */; };
		EAFFF8F518EF3F4900510640 /* NSDictionary+QueryString.m in Sources */ = {isa = PBXBuildFile; fileRef = EAFFF8E218EF3F4900510640 /* NSDictionary+QueryString.m */; };
		EAFFF8F618EF3F4900510640 /* NSString+URLEncoding.m in Sources */ = {isa = PBXBuildFile; fileRef = EAFFF8E418EF3F4900510640 /* NSString+URLEncoding.m */; };
		EAFFF8F718EF3F4900510640 /* YOAuthConsumer.m in Sources */ = {isa = PBXBuildFile; fileRef = EAFFF8E718EF3F4900510640 /* YOAuthConsumer.m */; };
		EAFFF8F818EF3F4900510640 /* YOAuthRequest.m in Sources */ = {isa = PBXBuildFile; fileRef = EAFFF8E918EF3F4900510640 /* YOAuthRequest.m */; };
		EAFFF8F918EF3F4900510640 /* YOAuthSignatureMethod_HMAC-SHA1.m in Sources */ = {isa = PBXBuildFile; fileRef = EAFFF8EC18EF3F4900510640 /* YOAuthSignatureMethod_HMAC-SHA1.m */; };
		EAFFF8FA18EF3F4900510640 /* YOAuthSignatureMethod_PLAINTEXT.m in Sources */ = {isa = PBXBuildFile; fileRef = EAFFF8EE18EF3F4900510640 /* YOAuthSignatureMethod_PLAINTEXT.m */; };
		EAFFF8FB18EF3F4900510640 /* YOAuthToken.m in Sources */ = {isa = PBXBuildFile; fileRef = EAFFF8F018EF3F4900510640 /* YOAuthToken.m */; };
		EAFFF8FC18EF3F4900510640 /* YOAuthUtil.m in Sources */ = {isa = PBXBuildFile; fileRef = EAFFF8F218EF3F4900510640 /* YOAuthUtil.m */; };
		EAFFF91718EF3F6300510640 /* YOSAccessToken.m in Sources */ = {isa = PBXBuildFile; fileRef = EAFFF8FF18EF3F6300510640 /* YOSAccessToken.m */; };
		EAFFF91818EF3F6300510640 /* YOSAuthRequest.m in Sources */ = {isa = PBXBuildFile; fileRef = EAFFF90118EF3F6300510640 /* YOSAuthRequest.m */; };
		EAFFF91918EF3F6300510640 /* YOSBaseRequest.m in Sources */ = {isa = PBXBuildFile; fileRef = EAFFF90318EF3F6300510640 /* YOSBaseRequest.m */; };
		EAFFF91A18EF3F6300510640 /* YOSOpenSocialRequest.m in Sources */ = {isa = PBXBuildFile; fileRef = EAFFF90518EF3F6300510640 /* YOSOpenSocialRequest.m */; };
		EAFFF91B18EF3F6300510640 /* YOSRequestClient.m in Sources */ = {isa = PBXBuildFile; fileRef = EAFFF90718EF3F6300510640 /* YOSRequestClient.m */; };
		EAFFF91C18EF3F6300510640 /* YOSRequestToken.m in Sources */ = {isa = PBXBuildFile; fileRef = EAFFF90918EF3F6300510640 /* YOSRequestToken.m */; };
		EAFFF91D18EF3F6300510640 /* YOSResponseData.m in Sources */ = {isa = PBXBuildFile; fileRef = EAFFF90B18EF3F6300510640 /* YOSResponseData.m */; };
		EAFFF91E18EF3F6300510640 /* YOSSession.m in Sources */ = {isa = PBXBuildFile; fileRef = EAFFF90D18EF3F6300510640 /* YOSSession.m */; };
		EAFFF91F18EF3F6300510640 /* YOSTokenStore.m in Sources */ = {isa = PBXBuildFile; fileRef = EAFFF91018EF3F6300510640 /* YOSTokenStore.m */; };
		EAFFF92018EF3F6300510640 /* YOSUser.m in Sources */ = {isa = PBXBuildFile; fileRef = EAFFF91218EF3F6300510640 /* YOSUser.m */; };
		EAFFF92118EF3F6300510640 /* YOSUserRequest.m in Sources */ = {isa = PBXBuildFile; fileRef = EAFFF91418EF3F6300510640 /* YOSUserRequest.m */; };
		EAFFF92218EF3F6300510640 /* YQLQueryRequest.m in Sources */ = {isa = PBXBuildFile; fileRef = EAFFF91618EF3F6300510640 /* YQLQueryRequest.m */; };
/* End PBXBuildFile section */

/* Begin PBXContainerItemProxy section */
		EA5D58C41896FF39005A9C47 /* PBXContainerItemProxy */ = {
			isa = PBXContainerItemProxy;
			containerPortal = EA5D58961896FF39005A9C47 /* Project object */;
			proxyType = 1;
			remoteGlobalIDString = EA5D589D1896FF39005A9C47;
			remoteInfo = "Library App";
		};
		EA87366E18D79880002EF060 /* PBXContainerItemProxy */ = {
			isa = PBXContainerItemProxy;
			containerPortal = EA87366618D79880002EF060 /* mailcore2.xcodeproj */;
			proxyType = 2;
			remoteGlobalIDString = C64EA537169E772200778456;
			remoteInfo = "static mailcore2 osx";
		};
		EA87367018D79880002EF060 /* PBXContainerItemProxy */ = {
			isa = PBXContainerItemProxy;
			containerPortal = EA87366618D79880002EF060 /* mailcore2.xcodeproj */;
			proxyType = 2;
			remoteGlobalIDString = C6BA2C191705F4E6003F0E9E;
			remoteInfo = "static mailcore2 ios";
		};
		EA87367218D79880002EF060 /* PBXContainerItemProxy */ = {
			isa = PBXContainerItemProxy;
			containerPortal = EA87366618D79880002EF060 /* mailcore2.xcodeproj */;
			proxyType = 2;
			remoteGlobalIDString = C64EA78C169F259200778456;
			remoteInfo = tests;
		};
		EA87367418D79880002EF060 /* PBXContainerItemProxy */ = {
			isa = PBXContainerItemProxy;
			containerPortal = EA87366618D79880002EF060 /* mailcore2.xcodeproj */;
			proxyType = 2;
			remoteGlobalIDString = C6A81B911706840C00882C15;
			remoteInfo = "test-ios";
		};
		EA87367618D79880002EF060 /* PBXContainerItemProxy */ = {
			isa = PBXContainerItemProxy;
			containerPortal = EA87366618D79880002EF060 /* mailcore2.xcodeproj */;
			proxyType = 2;
			remoteGlobalIDString = C6BD288D170BD71100A91AC1;
			remoteInfo = "mailcore osx";
		};
		EA87367818D7993A002EF060 /* PBXContainerItemProxy */ = {
			isa = PBXContainerItemProxy;
			containerPortal = EA87366618D79880002EF060 /* mailcore2.xcodeproj */;
			proxyType = 1;
			remoteGlobalIDString = C6BA2B091705F4E6003F0E9E;
			remoteInfo = "static mailcore2 ios";
		};
		EAFFF8C318EF3D6D00510640 /* PBXContainerItemProxy */ = {
			isa = PBXContainerItemProxy;
			containerPortal = EAFFF8BB18EF3D6D00510640 /* YahooSocialSdk.xcodeproj */;
			proxyType = 2;
			remoteGlobalIDString = 8DC2EF5B0486A6940098B216;
			remoteInfo = YahooSocialSdk;
		};
/* End PBXContainerItemProxy section */

/* Begin PBXFileReference section */
		EA098CB318C1093200A41031 /* TextbookVC.h */ = {isa = PBXFileReference; fileEncoding = 4; lastKnownFileType = sourcecode.c.h; path = TextbookVC.h; sourceTree = "<group>"; };
		EA098CB418C1093200A41031 /* TextbookVC.m */ = {isa = PBXFileReference; fileEncoding = 4; lastKnownFileType = sourcecode.c.objc; path = TextbookVC.m; sourceTree = "<group>"; };
		EA098CBD18C11FD200A41031 /* TextbooksClassVC.h */ = {isa = PBXFileReference; fileEncoding = 4; lastKnownFileType = sourcecode.c.h; path = TextbooksClassVC.h; sourceTree = "<group>"; };
		EA098CBE18C11FD200A41031 /* TextbooksClassVC.m */ = {isa = PBXFileReference; fileEncoding = 4; lastKnownFileType = sourcecode.c.objc; path = TextbooksClassVC.m; sourceTree = "<group>"; };
		EA1018D31919404D003AF4A7 /* DatabaseResource.h */ = {isa = PBXFileReference; fileEncoding = 4; lastKnownFileType = sourcecode.c.h; path = DatabaseResource.h; sourceTree = "<group>"; };
		EA1018D41919404D003AF4A7 /* DatabaseResource.m */ = {isa = PBXFileReference; fileEncoding = 4; lastKnownFileType = sourcecode.c.objc; path = DatabaseResource.m; sourceTree = "<group>"; };
		EA1018DB191AC013003AF4A7 /* FAQVC.h */ = {isa = PBXFileReference; fileEncoding = 4; lastKnownFileType = sourcecode.c.h; path = FAQVC.h; sourceTree = "<group>"; };
		EA1018DC191AC013003AF4A7 /* FAQVC.m */ = {isa = PBXFileReference; fileEncoding = 4; lastKnownFileType = sourcecode.c.objc; path = FAQVC.m; sourceTree = "<group>"; };
		EA1018DE191AC19B003AF4A7 /* FAQ.h */ = {isa = PBXFileReference; fileEncoding = 4; lastKnownFileType = sourcecode.c.h; path = FAQ.h; sourceTree = "<group>"; };
		EA1018DF191AC19B003AF4A7 /* FAQ.m */ = {isa = PBXFileReference; fileEncoding = 4; lastKnownFileType = sourcecode.c.objc; path = FAQ.m; sourceTree = "<group>"; };
		EA2AEE9A18E610D6002C95AE /* CreateTextbookVC.h */ = {isa = PBXFileReference; fileEncoding = 4; lastKnownFileType = sourcecode.c.h; path = CreateTextbookVC.h; sourceTree = "<group>"; };
		EA2AEE9B18E610D7002C95AE /* CreateTextbookVC.m */ = {isa = PBXFileReference; fileEncoding = 4; lastKnownFileType = sourcecode.c.objc; path = CreateTextbookVC.m; sourceTree = "<group>"; };
		EA2AEE9D18E61354002C95AE /* viewTextbook.h */ = {isa = PBXFileReference; fileEncoding = 4; lastKnownFileType = sourcecode.c.h; path = viewTextbook.h; sourceTree = "<group>"; };
		EA2AEE9E18E61354002C95AE /* viewTextbook.m */ = {isa = PBXFileReference; fileEncoding = 4; lastKnownFileType = sourcecode.c.objc; path = viewTextbook.m; sourceTree = "<group>"; };
		EA2BEA6B18B80C1200970E8E /* MainMenuVC.h */ = {isa = PBXFileReference; fileEncoding = 4; lastKnownFileType = sourcecode.c.h; path = MainMenuVC.h; sourceTree = "<group>"; };
		EA2BEA6C18B80C1200970E8E /* MainMenuVC.m */ = {isa = PBXFileReference; fileEncoding = 4; lastKnownFileType = sourcecode.c.objc; path = MainMenuVC.m; sourceTree = "<group>"; };
		EA32516C191BE908006BBF9E /* DetailedFAQVC.h */ = {isa = PBXFileReference; fileEncoding = 4; lastKnownFileType = sourcecode.c.h; path = DetailedFAQVC.h; sourceTree = "<group>"; };
		EA32516D191BE908006BBF9E /* DetailedFAQVC.m */ = {isa = PBXFileReference; fileEncoding = 4; lastKnownFileType = sourcecode.c.objc; path = DetailedFAQVC.m; sourceTree = "<group>"; };
		EA35E62E18A2B4FE0087CE4F /* DetailedRSSVC.h */ = {isa = PBXFileReference; fileEncoding = 4; lastKnownFileType = sourcecode.c.h; path = DetailedRSSVC.h; sourceTree = "<group>"; };
		EA35E62F18A2B4FE0087CE4F /* DetailedRSSVC.m */ = {isa = PBXFileReference; fileEncoding = 4; lastKnownFileType = sourcecode.c.objc; path = DetailedRSSVC.m; sourceTree = "<group>"; };
		EA35FAD718A05B59008A36E3 /* RSSVC.h */ = {isa = PBXFileReference; fileEncoding = 4; lastKnownFileType = sourcecode.c.h; path = RSSVC.h; sourceTree = "<group>"; };
		EA35FAD818A05B59008A36E3 /* RSSVC.m */ = {isa = PBXFileReference; fileEncoding = 4; lastKnownFileType = sourcecode.c.objc; path = RSSVC.m; sourceTree = "<group>"; };
		EA3A4976189C294C00EFD00E /* GoogleCal.h */ = {isa = PBXFileReference; fileEncoding = 4; lastKnownFileType = sourcecode.c.h; path = GoogleCal.h; sourceTree = "<group>"; };
		EA3A4977189C294C00EFD00E /* GoogleCal.m */ = {isa = PBXFileReference; fileEncoding = 4; lastKnownFileType = sourcecode.c.objc; path = GoogleCal.m; sourceTree = "<group>"; };
		EA55056918F8663C009D4DAF /* Authors.h */ = {isa = PBXFileReference; fileEncoding = 4; lastKnownFileType = sourcecode.c.h; path = Authors.h; sourceTree = "<group>"; };
		EA55056A18F8663C009D4DAF /* Authors.m */ = {isa = PBXFileReference; fileEncoding = 4; lastKnownFileType = sourcecode.c.objc; path = Authors.m; sourceTree = "<group>"; };
		EA55056C18F8663C009D4DAF /* Course_Textbook.h */ = {isa = PBXFileReference; fileEncoding = 4; lastKnownFileType = sourcecode.c.h; path = Course_Textbook.h; sourceTree = "<group>"; };
		EA55056D18F8663C009D4DAF /* Course_Textbook.m */ = {isa = PBXFileReference; fileEncoding = 4; lastKnownFileType = sourcecode.c.objc; path = Course_Textbook.m; sourceTree = "<group>"; };
		EA55056F18F8663C009D4DAF /* Textbook.h */ = {isa = PBXFileReference; fileEncoding = 4; lastKnownFileType = sourcecode.c.h; path = Textbook.h; sourceTree = "<group>"; };
		EA55057018F8663C009D4DAF /* Textbook.m */ = {isa = PBXFileReference; fileEncoding = 4; lastKnownFileType = sourcecode.c.objc; path = Textbook.m; sourceTree = "<group>"; };
		EA55057218F8663C009D4DAF /* Author_Textbook.h */ = {isa = PBXFileReference; fileEncoding = 4; lastKnownFileType = sourcecode.c.h; path = Author_Textbook.h; sourceTree = "<group>"; };
		EA55057318F8663C009D4DAF /* Author_Textbook.m */ = {isa = PBXFileReference; fileEncoding = 4; lastKnownFileType = sourcecode.c.objc; path = Author_Textbook.m; sourceTree = "<group>"; };
		EA55057518F8663C009D4DAF /* Courses.h */ = {isa = PBXFileReference; fileEncoding = 4; lastKnownFileType = sourcecode.c.h; path = Courses.h; sourceTree = "<group>"; };
		EA55057618F8663C009D4DAF /* Courses.m */ = {isa = PBXFileReference; fileEncoding = 4; lastKnownFileType = sourcecode.c.objc; path = Courses.m; sourceTree = "<group>"; };
		EA5D589E1896FF39005A9C47 /* Library App.app */ = {isa = PBXFileReference; explicitFileType = wrapper.application; includeInIndex = 0; path = "Library App.app"; sourceTree = BUILT_PRODUCTS_DIR; };
		EA5D58A11896FF39005A9C47 /* Foundation.framework */ = {isa = PBXFileReference; lastKnownFileType = wrapper.framework; name = Foundation.framework; path = System/Library/Frameworks/Foundation.framework; sourceTree = SDKROOT; };
		EA5D58A31896FF39005A9C47 /* CoreGraphics.framework */ = {isa = PBXFileReference; lastKnownFileType = wrapper.framework; name = CoreGraphics.framework; path = System/Library/Frameworks/CoreGraphics.framework; sourceTree = SDKROOT; };
		EA5D58A51896FF39005A9C47 /* UIKit.framework */ = {isa = PBXFileReference; lastKnownFileType = wrapper.framework; name = UIKit.framework; path = System/Library/Frameworks/UIKit.framework; sourceTree = SDKROOT; };
		EA5D58A91896FF39005A9C47 /* Library App-Info.plist */ = {isa = PBXFileReference; lastKnownFileType = text.plist.xml; path = "Library App-Info.plist"; sourceTree = "<group>"; };
		EA5D58AB1896FF39005A9C47 /* en */ = {isa = PBXFileReference; lastKnownFileType = text.plist.strings; name = en; path = en.lproj/InfoPlist.strings; sourceTree = "<group>"; };
		EA5D58AD1896FF39005A9C47 /* main.m */ = {isa = PBXFileReference; lastKnownFileType = sourcecode.c.objc; path = main.m; sourceTree = "<group>"; };
		EA5D58AF1896FF39005A9C47 /* Library App-Prefix.pch */ = {isa = PBXFileReference; lastKnownFileType = sourcecode.c.h; path = "Library App-Prefix.pch"; sourceTree = "<group>"; };
		EA5D58B01896FF39005A9C47 /* AppDelegate.h */ = {isa = PBXFileReference; lastKnownFileType = sourcecode.c.h; path = AppDelegate.h; sourceTree = "<group>"; };
		EA5D58B11896FF39005A9C47 /* AppDelegate.m */ = {isa = PBXFileReference; lastKnownFileType = sourcecode.c.objc; path = AppDelegate.m; sourceTree = "<group>"; };
		EA5D58B41896FF39005A9C47 /* Base */ = {isa = PBXFileReference; lastKnownFileType = file.storyboard; name = Base; path = Base.lproj/Main.storyboard; sourceTree = "<group>"; };
		EA5D58B91896FF39005A9C47 /* Images.xcassets */ = {isa = PBXFileReference; lastKnownFileType = folder.assetcatalog; path = Images.xcassets; sourceTree = "<group>"; };
		EA5D58BF1896FF39005A9C47 /* Library AppTests.xctest */ = {isa = PBXFileReference; explicitFileType = wrapper.cfbundle; includeInIndex = 0; path = "Library AppTests.xctest"; sourceTree = BUILT_PRODUCTS_DIR; };
		EA5D58C01896FF39005A9C47 /* XCTest.framework */ = {isa = PBXFileReference; lastKnownFileType = wrapper.framework; name = XCTest.framework; path = Library/Frameworks/XCTest.framework; sourceTree = DEVELOPER_DIR; };
		EA5D58C81896FF39005A9C47 /* Library AppTests-Info.plist */ = {isa = PBXFileReference; lastKnownFileType = text.plist.xml; path = "Library AppTests-Info.plist"; sourceTree = "<group>"; };
		EA5D58CA1896FF39005A9C47 /* en */ = {isa = PBXFileReference; lastKnownFileType = text.plist.strings; name = en; path = en.lproj/InfoPlist.strings; sourceTree = "<group>"; };
		EA5D58CC1896FF39005A9C47 /* Library_AppTests.m */ = {isa = PBXFileReference; lastKnownFileType = sourcecode.c.objc; path = Library_AppTests.m; sourceTree = "<group>"; };
		EA5D58D6189700AD005A9C47 /* HoursVC.h */ = {isa = PBXFileReference; fileEncoding = 4; lastKnownFileType = sourcecode.c.h; path = HoursVC.h; sourceTree = "<group>"; };
		EA5D58D7189700AD005A9C47 /* HoursVC.m */ = {isa = PBXFileReference; fileEncoding = 4; lastKnownFileType = sourcecode.c.objc; path = HoursVC.m; sourceTree = "<group>"; };
		EA5E3F9718C135B5000064D6 /* TextbookTBVC.h */ = {isa = PBXFileReference; fileEncoding = 4; lastKnownFileType = sourcecode.c.h; path = TextbookTBVC.h; sourceTree = "<group>"; };
		EA5E3F9818C135B5000064D6 /* TextbookTBVC.m */ = {isa = PBXFileReference; fileEncoding = 4; lastKnownFileType = sourcecode.c.objc; path = TextbookTBVC.m; sourceTree = "<group>"; };
		EA67846618BBE41F00BAF544 /* Textbooks.xcdatamodel */ = {isa = PBXFileReference; lastKnownFileType = wrapper.xcdatamodel; path = Textbooks.xcdatamodel; sourceTree = "<group>"; };
		EA67846818BBE68A00BAF544 /* CoreData.framework */ = {isa = PBXFileReference; lastKnownFileType = wrapper.framework; name = CoreData.framework; path = System/Library/Frameworks/CoreData.framework; sourceTree = SDKROOT; };
		EA6C8AA718CA7755005EFBE7 /* TextbookC.h */ = {isa = PBXFileReference; fileEncoding = 4; lastKnownFileType = sourcecode.c.h; path = TextbookC.h; sourceTree = "<group>"; };
		EA6C8AA818CA7755005EFBE7 /* TextbookC.m */ = {isa = PBXFileReference; fileEncoding = 4; lastKnownFileType = sourcecode.c.objc; path = TextbookC.m; sourceTree = "<group>"; };
		EA7FAD3818A2AB3D007612DA /* MWFeedParser.h */ = {isa = PBXFileReference; fileEncoding = 4; lastKnownFileType = sourcecode.c.h; path = MWFeedParser.h; sourceTree = "<group>"; };
		EA7FAD3918A2AB3D007612DA /* MWFeedParser_Private.h */ = {isa = PBXFileReference; fileEncoding = 4; lastKnownFileType = sourcecode.c.h; path = MWFeedParser_Private.h; sourceTree = "<group>"; };
		EA7FAD3A18A2AB3D007612DA /* MWFeedParser.m */ = {isa = PBXFileReference; fileEncoding = 4; lastKnownFileType = sourcecode.c.objc; path = MWFeedParser.m; sourceTree = "<group>"; };
		EA7FAD3B18A2AB3D007612DA /* MWFeedInfo.h */ = {isa = PBXFileReference; fileEncoding = 4; lastKnownFileType = sourcecode.c.h; path = MWFeedInfo.h; sourceTree = "<group>"; };
		EA7FAD3C18A2AB3D007612DA /* MWFeedInfo.m */ = {isa = PBXFileReference; fileEncoding = 4; lastKnownFileType = sourcecode.c.objc; path = MWFeedInfo.m; sourceTree = "<group>"; };
		EA7FAD3D18A2AB3D007612DA /* MWFeedItem.h */ = {isa = PBXFileReference; fileEncoding = 4; lastKnownFileType = sourcecode.c.h; path = MWFeedItem.h; sourceTree = "<group>"; };
		EA7FAD3E18A2AB3D007612DA /* MWFeedItem.m */ = {isa = PBXFileReference; fileEncoding = 4; lastKnownFileType = sourcecode.c.objc; path = MWFeedItem.m; sourceTree = "<group>"; };
		EA7FAD3F18A2AB3D007612DA /* NSString+HTML.h */ = {isa = PBXFileReference; fileEncoding = 4; lastKnownFileType = sourcecode.c.h; path = "NSString+HTML.h"; sourceTree = "<group>"; };
		EA7FAD4018A2AB3D007612DA /* NSString+HTML.m */ = {isa = PBXFileReference; fileEncoding = 4; lastKnownFileType = sourcecode.c.objc; path = "NSString+HTML.m"; sourceTree = "<group>"; };
		EA7FAD4118A2AB3D007612DA /* NSDate+InternetDateTime.h */ = {isa = PBXFileReference; fileEncoding = 4; lastKnownFileType = sourcecode.c.h; path = "NSDate+InternetDateTime.h"; sourceTree = "<group>"; };
		EA7FAD4218A2AB3D007612DA /* NSDate+InternetDateTime.m */ = {isa = PBXFileReference; fileEncoding = 4; lastKnownFileType = sourcecode.c.objc; path = "NSDate+InternetDateTime.m"; sourceTree = "<group>"; };
		EA7FAD4318A2AB3D007612DA /* GTMNSString+HTML.h */ = {isa = PBXFileReference; fileEncoding = 4; lastKnownFileType = sourcecode.c.h; path = "GTMNSString+HTML.h"; sourceTree = "<group>"; };
		EA7FAD4418A2AB3D007612DA /* GTMNSString+HTML.m */ = {isa = PBXFileReference; fileEncoding = 4; lastKnownFileType = sourcecode.c.objc; path = "GTMNSString+HTML.m"; sourceTree = "<group>"; };
		EA8297381901D04A007839BF /* DatabaseVC.h */ = {isa = PBXFileReference; fileEncoding = 4; lastKnownFileType = sourcecode.c.h; path = DatabaseVC.h; sourceTree = "<group>"; };
		EA8297391901D04A007839BF /* DatabaseVC.m */ = {isa = PBXFileReference; fileEncoding = 4; lastKnownFileType = sourcecode.c.objc; path = DatabaseVC.m; sourceTree = "<group>"; };
		EA87366618D79880002EF060 /* mailcore2.xcodeproj */ = {isa = PBXFileReference; lastKnownFileType = "wrapper.pb-project"; name = mailcore2.xcodeproj; path = "../../../mailcore2-master/build-mac/mailcore2.xcodeproj"; sourceTree = "<group>"; };
		EAB420F418A57979000A1831 /* CFNetwork.framework */ = {isa = PBXFileReference; lastKnownFileType = wrapper.framework; name = CFNetwork.framework; path = System/Library/Frameworks/CFNetwork.framework; sourceTree = SDKROOT; };
		EAB420F618A57981000A1831 /* Security.framework */ = {isa = PBXFileReference; lastKnownFileType = wrapper.framework; name = Security.framework; path = System/Library/Frameworks/Security.framework; sourceTree = SDKROOT; };
		EABFDD8D18A54B050044E7E4 /* FeedbackVC.h */ = {isa = PBXFileReference; fileEncoding = 4; lastKnownFileType = sourcecode.c.h; path = FeedbackVC.h; sourceTree = "<group>"; };
		EABFDD8E18A54B050044E7E4 /* FeedbackVC.m */ = {isa = PBXFileReference; fileEncoding = 4; lastKnownFileType = sourcecode.c.objc; path = FeedbackVC.m; sourceTree = "<group>"; };
		EAFFF8BB18EF3D6D00510640 /* YahooSocialSdk.xcodeproj */ = {isa = PBXFileReference; lastKnownFileType = "wrapper.pb-project"; name = YahooSocialSdk.xcodeproj; path = "../../../yos-social-objc-master/YahooSocialSdk.xcodeproj"; sourceTree = "<group>"; };
		EAFFF8D118EF3F0F00510640 /* JSON.h */ = {isa = PBXFileReference; fileEncoding = 4; lastKnownFileType = sourcecode.c.h; path = JSON.h; sourceTree = "<group>"; };
		EAFFF8D218EF3F0F00510640 /* NSObject+SBJSON.h */ = {isa = PBXFileReference; fileEncoding = 4; lastKnownFileType = sourcecode.c.h; path = "NSObject+SBJSON.h"; sourceTree = "<group>"; };
		EAFFF8D318EF3F0F00510640 /* NSObject+SBJSON.m */ = {isa = PBXFileReference; fileEncoding = 4; lastKnownFileType = sourcecode.c.objc; path = "NSObject+SBJSON.m"; sourceTree = "<group>"; };
		EAFFF8D418EF3F0F00510640 /* NSString+SBJSON.h */ = {isa = PBXFileReference; fileEncoding = 4; lastKnownFileType = sourcecode.c.h; path = "NSString+SBJSON.h"; sourceTree = "<group>"; };
		EAFFF8D518EF3F0F00510640 /* NSString+SBJSON.m */ = {isa = PBXFileReference; fileEncoding = 4; lastKnownFileType = sourcecode.c.objc; path = "NSString+SBJSON.m"; sourceTree = "<group>"; };
		EAFFF8D618EF3F0F00510640 /* SBJSON.h */ = {isa = PBXFileReference; fileEncoding = 4; lastKnownFileType = sourcecode.c.h; path = SBJSON.h; sourceTree = "<group>"; };
		EAFFF8D718EF3F0F00510640 /* SBJSON.m */ = {isa = PBXFileReference; fileEncoding = 4; lastKnownFileType = sourcecode.c.objc; path = SBJSON.m; sourceTree = "<group>"; };
		EAFFF8DD18EF3F4900510640 /* Base64Transcoder.c */ = {isa = PBXFileReference; fileEncoding = 4; lastKnownFileType = sourcecode.c.c; path = Base64Transcoder.c; sourceTree = "<group>"; };
		EAFFF8DE18EF3F4900510640 /* Base64Transcoder.h */ = {isa = PBXFileReference; fileEncoding = 4; lastKnownFileType = sourcecode.c.h; path = Base64Transcoder.h; sourceTree = "<group>"; };
		EAFFF8DF18EF3F4900510640 /* NSData+OAuthResponse.h */ = {isa = PBXFileReference; fileEncoding = 4; lastKnownFileType = sourcecode.c.h; path = "NSData+OAuthResponse.h"; sourceTree = "<group>"; };
		EAFFF8E018EF3F4900510640 /* NSData+OAuthResponse.m */ = {isa = PBXFileReference; fileEncoding = 4; lastKnownFileType = sourcecode.c.objc; path = "NSData+OAuthResponse.m"; sourceTree = "<group>"; };
		EAFFF8E118EF3F4900510640 /* NSDictionary+QueryString.h */ = {isa = PBXFileReference; fileEncoding = 4; lastKnownFileType = sourcecode.c.h; path = "NSDictionary+QueryString.h"; sourceTree = "<group>"; };
		EAFFF8E218EF3F4900510640 /* NSDictionary+QueryString.m */ = {isa = PBXFileReference; fileEncoding = 4; lastKnownFileType = sourcecode.c.objc; path = "NSDictionary+QueryString.m"; sourceTree = "<group>"; };
		EAFFF8E318EF3F4900510640 /* NSString+URLEncoding.h */ = {isa = PBXFileReference; fileEncoding = 4; lastKnownFileType = sourcecode.c.h; path = "NSString+URLEncoding.h"; sourceTree = "<group>"; };
		EAFFF8E418EF3F4900510640 /* NSString+URLEncoding.m */ = {isa = PBXFileReference; fileEncoding = 4; lastKnownFileType = sourcecode.c.objc; path = "NSString+URLEncoding.m"; sourceTree = "<group>"; };
		EAFFF8E518EF3F4900510640 /* YOAuth.h */ = {isa = PBXFileReference; fileEncoding = 4; lastKnownFileType = sourcecode.c.h; path = YOAuth.h; sourceTree = "<group>"; };
		EAFFF8E618EF3F4900510640 /* YOAuthConsumer.h */ = {isa = PBXFileReference; fileEncoding = 4; lastKnownFileType = sourcecode.c.h; path = YOAuthConsumer.h; sourceTree = "<group>"; };
		EAFFF8E718EF3F4900510640 /* YOAuthConsumer.m */ = {isa = PBXFileReference; fileEncoding = 4; lastKnownFileType = sourcecode.c.objc; path = YOAuthConsumer.m; sourceTree = "<group>"; };
		EAFFF8E818EF3F4900510640 /* YOAuthRequest.h */ = {isa = PBXFileReference; fileEncoding = 4; lastKnownFileType = sourcecode.c.h; path = YOAuthRequest.h; sourceTree = "<group>"; };
		EAFFF8E918EF3F4900510640 /* YOAuthRequest.m */ = {isa = PBXFileReference; fileEncoding = 4; lastKnownFileType = sourcecode.c.objc; path = YOAuthRequest.m; sourceTree = "<group>"; };
		EAFFF8EA18EF3F4900510640 /* YOAuthSignatureMethod.h */ = {isa = PBXFileReference; fileEncoding = 4; lastKnownFileType = sourcecode.c.h; path = YOAuthSignatureMethod.h; sourceTree = "<group>"; };
		EAFFF8EB18EF3F4900510640 /* YOAuthSignatureMethod_HMAC-SHA1.h */ = {isa = PBXFileReference; fileEncoding = 4; lastKnownFileType = sourcecode.c.h; path = "YOAuthSignatureMethod_HMAC-SHA1.h"; sourceTree = "<group>"; };
		EAFFF8EC18EF3F4900510640 /* YOAuthSignatureMethod_HMAC-SHA1.m */ = {isa = PBXFileReference; fileEncoding = 4; lastKnownFileType = sourcecode.c.objc; path = "YOAuthSignatureMethod_HMAC-SHA1.m"; sourceTree = "<group>"; };
		EAFFF8ED18EF3F4900510640 /* YOAuthSignatureMethod_PLAINTEXT.h */ = {isa = PBXFileReference; fileEncoding = 4; lastKnownFileType = sourcecode.c.h; path = YOAuthSignatureMethod_PLAINTEXT.h; sourceTree = "<group>"; };
		EAFFF8EE18EF3F4900510640 /* YOAuthSignatureMethod_PLAINTEXT.m */ = {isa = PBXFileReference; fileEncoding = 4; lastKnownFileType = sourcecode.c.objc; path = YOAuthSignatureMethod_PLAINTEXT.m; sourceTree = "<group>"; };
		EAFFF8EF18EF3F4900510640 /* YOAuthToken.h */ = {isa = PBXFileReference; fileEncoding = 4; lastKnownFileType = sourcecode.c.h; path = YOAuthToken.h; sourceTree = "<group>"; };
		EAFFF8F018EF3F4900510640 /* YOAuthToken.m */ = {isa = PBXFileReference; fileEncoding = 4; lastKnownFileType = sourcecode.c.objc; path = YOAuthToken.m; sourceTree = "<group>"; };
		EAFFF8F118EF3F4900510640 /* YOAuthUtil.h */ = {isa = PBXFileReference; fileEncoding = 4; lastKnownFileType = sourcecode.c.h; path = YOAuthUtil.h; sourceTree = "<group>"; };
		EAFFF8F218EF3F4900510640 /* YOAuthUtil.m */ = {isa = PBXFileReference; fileEncoding = 4; lastKnownFileType = sourcecode.c.objc; path = YOAuthUtil.m; sourceTree = "<group>"; };
		EAFFF8FE18EF3F6300510640 /* YOSAccessToken.h */ = {isa = PBXFileReference; fileEncoding = 4; lastKnownFileType = sourcecode.c.h; path = YOSAccessToken.h; sourceTree = "<group>"; };
		EAFFF8FF18EF3F6300510640 /* YOSAccessToken.m */ = {isa = PBXFileReference; fileEncoding = 4; lastKnownFileType = sourcecode.c.objc; path = YOSAccessToken.m; sourceTree = "<group>"; };
		EAFFF90018EF3F6300510640 /* YOSAuthRequest.h */ = {isa = PBXFileReference; fileEncoding = 4; lastKnownFileType = sourcecode.c.h; path = YOSAuthRequest.h; sourceTree = "<group>"; };
		EAFFF90118EF3F6300510640 /* YOSAuthRequest.m */ = {isa = PBXFileReference; fileEncoding = 4; lastKnownFileType = sourcecode.c.objc; path = YOSAuthRequest.m; sourceTree = "<group>"; };
		EAFFF90218EF3F6300510640 /* YOSBaseRequest.h */ = {isa = PBXFileReference; fileEncoding = 4; lastKnownFileType = sourcecode.c.h; path = YOSBaseRequest.h; sourceTree = "<group>"; };
		EAFFF90318EF3F6300510640 /* YOSBaseRequest.m */ = {isa = PBXFileReference; fileEncoding = 4; lastKnownFileType = sourcecode.c.objc; path = YOSBaseRequest.m; sourceTree = "<group>"; };
		EAFFF90418EF3F6300510640 /* YOSOpenSocialRequest.h */ = {isa = PBXFileReference; fileEncoding = 4; lastKnownFileType = sourcecode.c.h; path = YOSOpenSocialRequest.h; sourceTree = "<group>"; };
		EAFFF90518EF3F6300510640 /* YOSOpenSocialRequest.m */ = {isa = PBXFileReference; fileEncoding = 4; lastKnownFileType = sourcecode.c.objc; path = YOSOpenSocialRequest.m; sourceTree = "<group>"; };
		EAFFF90618EF3F6300510640 /* YOSRequestClient.h */ = {isa = PBXFileReference; fileEncoding = 4; lastKnownFileType = sourcecode.c.h; path = YOSRequestClient.h; sourceTree = "<group>"; };
		EAFFF90718EF3F6300510640 /* YOSRequestClient.m */ = {isa = PBXFileReference; fileEncoding = 4; lastKnownFileType = sourcecode.c.objc; path = YOSRequestClient.m; sourceTree = "<group>"; };
		EAFFF90818EF3F6300510640 /* YOSRequestToken.h */ = {isa = PBXFileReference; fileEncoding = 4; lastKnownFileType = sourcecode.c.h; path = YOSRequestToken.h; sourceTree = "<group>"; };
		EAFFF90918EF3F6300510640 /* YOSRequestToken.m */ = {isa = PBXFileReference; fileEncoding = 4; lastKnownFileType = sourcecode.c.objc; path = YOSRequestToken.m; sourceTree = "<group>"; };
		EAFFF90A18EF3F6300510640 /* YOSResponseData.h */ = {isa = PBXFileReference; fileEncoding = 4; lastKnownFileType = sourcecode.c.h; path = YOSResponseData.h; sourceTree = "<group>"; };
		EAFFF90B18EF3F6300510640 /* YOSResponseData.m */ = {isa = PBXFileReference; fileEncoding = 4; lastKnownFileType = sourcecode.c.objc; path = YOSResponseData.m; sourceTree = "<group>"; };
		EAFFF90C18EF3F6300510640 /* YOSSession.h */ = {isa = PBXFileReference; fileEncoding = 4; lastKnownFileType = sourcecode.c.h; path = YOSSession.h; sourceTree = "<group>"; };
		EAFFF90D18EF3F6300510640 /* YOSSession.m */ = {isa = PBXFileReference; fileEncoding = 4; lastKnownFileType = sourcecode.c.objc; path = YOSSession.m; sourceTree = "<group>"; };
		EAFFF90E18EF3F6300510640 /* YOSSocial.h */ = {isa = PBXFileReference; fileEncoding = 4; lastKnownFileType = sourcecode.c.h; path = YOSSocial.h; sourceTree = "<group>"; };
		EAFFF90F18EF3F6300510640 /* YOSTokenStore.h */ = {isa = PBXFileReference; fileEncoding = 4; lastKnownFileType = sourcecode.c.h; path = YOSTokenStore.h; sourceTree = "<group>"; };
		EAFFF91018EF3F6300510640 /* YOSTokenStore.m */ = {isa = PBXFileReference; fileEncoding = 4; lastKnownFileType = sourcecode.c.objc; path = YOSTokenStore.m; sourceTree = "<group>"; };
		EAFFF91118EF3F6300510640 /* YOSUser.h */ = {isa = PBXFileReference; fileEncoding = 4; lastKnownFileType = sourcecode.c.h; path = YOSUser.h; sourceTree = "<group>"; };
		EAFFF91218EF3F6300510640 /* YOSUser.m */ = {isa = PBXFileReference; fileEncoding = 4; lastKnownFileType = sourcecode.c.objc; path = YOSUser.m; sourceTree = "<group>"; };
		EAFFF91318EF3F6300510640 /* YOSUserRequest.h */ = {isa = PBXFileReference; fileEncoding = 4; lastKnownFileType = sourcecode.c.h; path = YOSUserRequest.h; sourceTree = "<group>"; };
		EAFFF91418EF3F6300510640 /* YOSUserRequest.m */ = {isa = PBXFileReference; fileEncoding = 4; lastKnownFileType = sourcecode.c.objc; path = YOSUserRequest.m; sourceTree = "<group>"; };
		EAFFF91518EF3F6300510640 /* YQLQueryRequest.h */ = {isa = PBXFileReference; fileEncoding = 4; lastKnownFileType = sourcecode.c.h; path = YQLQueryRequest.h; sourceTree = "<group>"; };
		EAFFF91618EF3F6300510640 /* YQLQueryRequest.m */ = {isa = PBXFileReference; fileEncoding = 4; lastKnownFileType = sourcecode.c.objc; path = YQLQueryRequest.m; sourceTree = "<group>"; };
/* End PBXFileReference section */

/* Begin PBXFrameworksBuildPhase section */
		EA5D589B1896FF39005A9C47 /* Frameworks */ = {
			isa = PBXFrameworksBuildPhase;
			buildActionMask = 2147483647;
			files = (
				EAB420F718A57981000A1831 /* Security.framework in Frameworks */,
				EAB420F518A57979000A1831 /* CFNetwork.framework in Frameworks */,
				EA87367A18D7996E002EF060 /* libMailCore-ios.a in Frameworks */,
				EA67846918BBE68A00BAF544 /* CoreData.framework in Frameworks */,
				EA5D58A41896FF39005A9C47 /* CoreGraphics.framework in Frameworks */,
				EA5D58A61896FF39005A9C47 /* UIKit.framework in Frameworks */,
				EA5D58A21896FF39005A9C47 /* Foundation.framework in Frameworks */,
			);
			runOnlyForDeploymentPostprocessing = 0;
		};
		EA5D58BC1896FF39005A9C47 /* Frameworks */ = {
			isa = PBXFrameworksBuildPhase;
			buildActionMask = 2147483647;
			files = (
				EA5D58C11896FF39005A9C47 /* XCTest.framework in Frameworks */,
				EA5D58C31896FF39005A9C47 /* UIKit.framework in Frameworks */,
				EA5D58C21896FF39005A9C47 /* Foundation.framework in Frameworks */,
			);
			runOnlyForDeploymentPostprocessing = 0;
		};
/* End PBXFrameworksBuildPhase section */

/* Begin PBXGroup section */
		EA29131718A2A3E600CC0CFD /* RSS Feed */ = {
			isa = PBXGroup;
			children = (
				EA7FAD3818A2AB3D007612DA /* MWFeedParser.h */,
				EA7FAD3918A2AB3D007612DA /* MWFeedParser_Private.h */,
				EA7FAD3A18A2AB3D007612DA /* MWFeedParser.m */,
				EA7FAD3B18A2AB3D007612DA /* MWFeedInfo.h */,
				EA7FAD3C18A2AB3D007612DA /* MWFeedInfo.m */,
				EA7FAD3D18A2AB3D007612DA /* MWFeedItem.h */,
				EA7FAD3E18A2AB3D007612DA /* MWFeedItem.m */,
				EA7FAD3F18A2AB3D007612DA /* NSString+HTML.h */,
				EA7FAD4018A2AB3D007612DA /* NSString+HTML.m */,
				EA7FAD4118A2AB3D007612DA /* NSDate+InternetDateTime.h */,
				EA7FAD4218A2AB3D007612DA /* NSDate+InternetDateTime.m */,
				EA7FAD4318A2AB3D007612DA /* GTMNSString+HTML.h */,
				EA7FAD4418A2AB3D007612DA /* GTMNSString+HTML.m */,
			);
			name = "RSS Feed";
			sourceTree = "<group>";
		};
		EA5D58951896FF39005A9C47 = {
			isa = PBXGroup;
			children = (
				EA5D58A71896FF39005A9C47 /* Library App */,
				EA5D58C61896FF39005A9C47 /* Library AppTests */,
				EA5D58A01896FF39005A9C47 /* Frameworks */,
				EA5D589F1896FF39005A9C47 /* Products */,
			);
			sourceTree = "<group>";
		};
		EA5D589F1896FF39005A9C47 /* Products */ = {
			isa = PBXGroup;
			children = (
				EA5D589E1896FF39005A9C47 /* Library App.app */,
				EA5D58BF1896FF39005A9C47 /* Library AppTests.xctest */,
			);
			name = Products;
			sourceTree = "<group>";
		};
		EA5D58A01896FF39005A9C47 /* Frameworks */ = {
			isa = PBXGroup;
			children = (
				EA67846818BBE68A00BAF544 /* CoreData.framework */,
				EAB420F618A57981000A1831 /* Security.framework */,
				EAB420F418A57979000A1831 /* CFNetwork.framework */,
				EA5D58A11896FF39005A9C47 /* Foundation.framework */,
				EA5D58A31896FF39005A9C47 /* CoreGraphics.framework */,
				EA5D58A51896FF39005A9C47 /* UIKit.framework */,
				EA5D58C01896FF39005A9C47 /* XCTest.framework */,
			);
			name = Frameworks;
			sourceTree = "<group>";
		};
		EA5D58A71896FF39005A9C47 /* Library App */ = {
			isa = PBXGroup;
			children = (
				EAFFF8BB18EF3D6D00510640 /* YahooSocialSdk.xcodeproj */,
				EA87366618D79880002EF060 /* mailcore2.xcodeproj */,
				EA63478118CA5A2300BEFDC3 /* Unused For now */,
				EA29131718A2A3E600CC0CFD /* RSS Feed */,
				EA5D58B01896FF39005A9C47 /* AppDelegate.h */,
				EA5D58B11896FF39005A9C47 /* AppDelegate.m */,
				EA5D58B31896FF39005A9C47 /* Main.storyboard */,
				EA2BEA6B18B80C1200970E8E /* MainMenuVC.h */,
				EA2BEA6C18B80C1200970E8E /* MainMenuVC.m */,
				EA5D58D6189700AD005A9C47 /* HoursVC.h */,
				EA5D58D7189700AD005A9C47 /* HoursVC.m */,
				EA3A4976189C294C00EFD00E /* GoogleCal.h */,
				EA3A4977189C294C00EFD00E /* GoogleCal.m */,
				EA35FAD718A05B59008A36E3 /* RSSVC.h */,
				EA35FAD818A05B59008A36E3 /* RSSVC.m */,
				EA35E62E18A2B4FE0087CE4F /* DetailedRSSVC.h */,
				EA35E62F18A2B4FE0087CE4F /* DetailedRSSVC.m */,
				EA1018D31919404D003AF4A7 /* DatabaseResource.h */,
				EA1018D41919404D003AF4A7 /* DatabaseResource.m */,
				EA8297381901D04A007839BF /* DatabaseVC.h */,
				EA8297391901D04A007839BF /* DatabaseVC.m */,
				EA1018DB191AC013003AF4A7 /* FAQVC.h */,
				EA1018DC191AC013003AF4A7 /* FAQVC.m */,
				EA32516C191BE908006BBF9E /* DetailedFAQVC.h */,
				EA32516D191BE908006BBF9E /* DetailedFAQVC.m */,
				EA1018DE191AC19B003AF4A7 /* FAQ.h */,
				EA1018DF191AC19B003AF4A7 /* FAQ.m */,
				EABFDD8D18A54B050044E7E4 /* FeedbackVC.h */,
				EABFDD8E18A54B050044E7E4 /* FeedbackVC.m */,
				EA6C8AA718CA7755005EFBE7 /* TextbookC.h */,
				EA6C8AA818CA7755005EFBE7 /* TextbookC.m */,
				EA2AEE9A18E610D6002C95AE /* CreateTextbookVC.h */,
				EA2AEE9B18E610D7002C95AE /* CreateTextbookVC.m */,
				EA2AEE9D18E61354002C95AE /* viewTextbook.h */,
				EA2AEE9E18E61354002C95AE /* viewTextbook.m */,
				EAFFF92318EF46EA00510640 /* Yahoo API */,
				EAFFF92418EF470900510640 /* Core Data */,
				EA5D58B91896FF39005A9C47 /* Images.xcassets */,
				EA5D58A81896FF39005A9C47 /* Supporting Files */,
			);
			path = "Library App";
			sourceTree = "<group>";
		};
		EA5D58A81896FF39005A9C47 /* Supporting Files */ = {
			isa = PBXGroup;
			children = (
				EA5D58A91896FF39005A9C47 /* Library App-Info.plist */,
				EA5D58AA1896FF39005A9C47 /* InfoPlist.strings */,
				EA5D58AD1896FF39005A9C47 /* main.m */,
				EA5D58AF1896FF39005A9C47 /* Library App-Prefix.pch */,
			);
			name = "Supporting Files";
			sourceTree = "<group>";
		};
		EA5D58C61896FF39005A9C47 /* Library AppTests */ = {
			isa = PBXGroup;
			children = (
				EA5D58CC1896FF39005A9C47 /* Library_AppTests.m */,
				EA5D58C71896FF39005A9C47 /* Supporting Files */,
			);
			path = "Library AppTests";
			sourceTree = "<group>";
		};
		EA5D58C71896FF39005A9C47 /* Supporting Files */ = {
			isa = PBXGroup;
			children = (
				EA5D58C81896FF39005A9C47 /* Library AppTests-Info.plist */,
				EA5D58C91896FF39005A9C47 /* InfoPlist.strings */,
			);
			name = "Supporting Files";
			sourceTree = "<group>";
		};
		EA63478118CA5A2300BEFDC3 /* Unused For now */ = {
			isa = PBXGroup;
			children = (
				EA098CB318C1093200A41031 /* TextbookVC.h */,
				EA098CB418C1093200A41031 /* TextbookVC.m */,
				EA098CBD18C11FD200A41031 /* TextbooksClassVC.h */,
				EA098CBE18C11FD200A41031 /* TextbooksClassVC.m */,
				EA5E3F9718C135B5000064D6 /* TextbookTBVC.h */,
				EA5E3F9818C135B5000064D6 /* TextbookTBVC.m */,
			);
			name = "Unused For now";
			sourceTree = "<group>";
		};
		EA87366718D79880002EF060 /* Products */ = {
			isa = PBXGroup;
			children = (
				EA87366F18D79880002EF060 /* libMailCore.a */,
				EA87367118D79880002EF060 /* libMailCore-ios.a */,
				EA87367318D79880002EF060 /* tests */,
				EA87367518D79880002EF060 /* test-ios.app */,
				EA87367718D79880002EF060 /* MailCore.framework */,
			);
			name = Products;
			sourceTree = "<group>";
		};
		EAFFF8BC18EF3D6D00510640 /* Products */ = {
			isa = PBXGroup;
			children = (
				EAFFF8C418EF3D6D00510640 /* YahooSocialSdk.framework */,
			);
			name = Products;
			sourceTree = "<group>";
		};
		EAFFF8D018EF3F0F00510640 /* json-framework */ = {
			isa = PBXGroup;
			children = (
				EAFFF8D118EF3F0F00510640 /* JSON.h */,
				EAFFF8D218EF3F0F00510640 /* NSObject+SBJSON.h */,
				EAFFF8D318EF3F0F00510640 /* NSObject+SBJSON.m */,
				EAFFF8D418EF3F0F00510640 /* NSString+SBJSON.h */,
				EAFFF8D518EF3F0F00510640 /* NSString+SBJSON.m */,
				EAFFF8D618EF3F0F00510640 /* SBJSON.h */,
				EAFFF8D718EF3F0F00510640 /* SBJSON.m */,
			);
			path = "json-framework";
			sourceTree = "<group>";
		};
		EAFFF8DB18EF3F4900510640 /* YOAuth */ = {
			isa = PBXGroup;
			children = (
				EAFFF8DC18EF3F4900510640 /* Crypto */,
				EAFFF8DF18EF3F4900510640 /* NSData+OAuthResponse.h */,
				EAFFF8E018EF3F4900510640 /* NSData+OAuthResponse.m */,
				EAFFF8E118EF3F4900510640 /* NSDictionary+QueryString.h */,
				EAFFF8E218EF3F4900510640 /* NSDictionary+QueryString.m */,
				EAFFF8E318EF3F4900510640 /* NSString+URLEncoding.h */,
				EAFFF8E418EF3F4900510640 /* NSString+URLEncoding.m */,
				EAFFF8E518EF3F4900510640 /* YOAuth.h */,
				EAFFF8E618EF3F4900510640 /* YOAuthConsumer.h */,
				EAFFF8E718EF3F4900510640 /* YOAuthConsumer.m */,
				EAFFF8E818EF3F4900510640 /* YOAuthRequest.h */,
				EAFFF8E918EF3F4900510640 /* YOAuthRequest.m */,
				EAFFF8EA18EF3F4900510640 /* YOAuthSignatureMethod.h */,
				EAFFF8EB18EF3F4900510640 /* YOAuthSignatureMethod_HMAC-SHA1.h */,
				EAFFF8EC18EF3F4900510640 /* YOAuthSignatureMethod_HMAC-SHA1.m */,
				EAFFF8ED18EF3F4900510640 /* YOAuthSignatureMethod_PLAINTEXT.h */,
				EAFFF8EE18EF3F4900510640 /* YOAuthSignatureMethod_PLAINTEXT.m */,
				EAFFF8EF18EF3F4900510640 /* YOAuthToken.h */,
				EAFFF8F018EF3F4900510640 /* YOAuthToken.m */,
				EAFFF8F118EF3F4900510640 /* YOAuthUtil.h */,
				EAFFF8F218EF3F4900510640 /* YOAuthUtil.m */,
			);
			path = YOAuth;
			sourceTree = "<group>";
		};
		EAFFF8DC18EF3F4900510640 /* Crypto */ = {
			isa = PBXGroup;
			children = (
				EAFFF8DD18EF3F4900510640 /* Base64Transcoder.c */,
				EAFFF8DE18EF3F4900510640 /* Base64Transcoder.h */,
			);
			path = Crypto;
			sourceTree = "<group>";
		};
		EAFFF8FD18EF3F6300510640 /* YOSSocial */ = {
			isa = PBXGroup;
			children = (
				EAFFF8FE18EF3F6300510640 /* YOSAccessToken.h */,
				EAFFF8FF18EF3F6300510640 /* YOSAccessToken.m */,
				EAFFF90018EF3F6300510640 /* YOSAuthRequest.h */,
				EAFFF90118EF3F6300510640 /* YOSAuthRequest.m */,
				EAFFF90218EF3F6300510640 /* YOSBaseRequest.h */,
				EAFFF90318EF3F6300510640 /* YOSBaseRequest.m */,
				EAFFF90418EF3F6300510640 /* YOSOpenSocialRequest.h */,
				EAFFF90518EF3F6300510640 /* YOSOpenSocialRequest.m */,
				EAFFF90618EF3F6300510640 /* YOSRequestClient.h */,
				EAFFF90718EF3F6300510640 /* YOSRequestClient.m */,
				EAFFF90818EF3F6300510640 /* YOSRequestToken.h */,
				EAFFF90918EF3F6300510640 /* YOSRequestToken.m */,
				EAFFF90A18EF3F6300510640 /* YOSResponseData.h */,
				EAFFF90B18EF3F6300510640 /* YOSResponseData.m */,
				EAFFF90C18EF3F6300510640 /* YOSSession.h */,
				EAFFF90D18EF3F6300510640 /* YOSSession.m */,
				EAFFF90E18EF3F6300510640 /* YOSSocial.h */,
				EAFFF90F18EF3F6300510640 /* YOSTokenStore.h */,
				EAFFF91018EF3F6300510640 /* YOSTokenStore.m */,
				EAFFF91118EF3F6300510640 /* YOSUser.h */,
				EAFFF91218EF3F6300510640 /* YOSUser.m */,
				EAFFF91318EF3F6300510640 /* YOSUserRequest.h */,
				EAFFF91418EF3F6300510640 /* YOSUserRequest.m */,
				EAFFF91518EF3F6300510640 /* YQLQueryRequest.h */,
				EAFFF91618EF3F6300510640 /* YQLQueryRequest.m */,
			);
			path = YOSSocial;
			sourceTree = "<group>";
		};
		EAFFF92318EF46EA00510640 /* Yahoo API */ = {
			isa = PBXGroup;
			children = (
				EAFFF8DB18EF3F4900510640 /* YOAuth */,
				EAFFF8D018EF3F0F00510640 /* json-framework */,
				EAFFF8FD18EF3F6300510640 /* YOSSocial */,
			);
			name = "Yahoo API";
			sourceTree = "<group>";
		};
		EAFFF92418EF470900510640 /* Core Data */ = {
			isa = PBXGroup;
			children = (
				EA67846518BBE41F00BAF544 /* Textbooks.xcdatamodeld */,
				EA55057518F8663C009D4DAF /* Courses.h */,
				EA55057618F8663C009D4DAF /* Courses.m */,
				EA55057218F8663C009D4DAF /* Author_Textbook.h */,
				EA55057318F8663C009D4DAF /* Author_Textbook.m */,
				EA55056F18F8663C009D4DAF /* Textbook.h */,
				EA55057018F8663C009D4DAF /* Textbook.m */,
				EA55056C18F8663C009D4DAF /* Course_Textbook.h */,
				EA55056D18F8663C009D4DAF /* Course_Textbook.m */,
				EA55056918F8663C009D4DAF /* Authors.h */,
				EA55056A18F8663C009D4DAF /* Authors.m */,
			);
			name = "Core Data";
			sourceTree = "<group>";
		};
/* End PBXGroup section */

/* Begin PBXNativeTarget section */
		EA5D589D1896FF39005A9C47 /* Library App */ = {
			isa = PBXNativeTarget;
			buildConfigurationList = EA5D58D01896FF39005A9C47 /* Build configuration list for PBXNativeTarget "Library App" */;
			buildPhases = (
				EA5D589A1896FF39005A9C47 /* Sources */,
				EA5D589B1896FF39005A9C47 /* Frameworks */,
				EA5D589C1896FF39005A9C47 /* Resources */,
			);
			buildRules = (
			);
			dependencies = (
				EA87367918D7993A002EF060 /* PBXTargetDependency */,
			);
			name = "Library App";
			productName = "Library App";
			productReference = EA5D589E1896FF39005A9C47 /* Library App.app */;
			productType = "com.apple.product-type.application";
		};
		EA5D58BE1896FF39005A9C47 /* Library AppTests */ = {
			isa = PBXNativeTarget;
			buildConfigurationList = EA5D58D31896FF39005A9C47 /* Build configuration list for PBXNativeTarget "Library AppTests" */;
			buildPhases = (
				EA5D58BB1896FF39005A9C47 /* Sources */,
				EA5D58BC1896FF39005A9C47 /* Frameworks */,
				EA5D58BD1896FF39005A9C47 /* Resources */,
			);
			buildRules = (
			);
			dependencies = (
				EA5D58C51896FF39005A9C47 /* PBXTargetDependency */,
			);
			name = "Library AppTests";
			productName = "Library AppTests";
			productReference = EA5D58BF1896FF39005A9C47 /* Library AppTests.xctest */;
			productType = "com.apple.product-type.bundle.unit-test";
		};
/* End PBXNativeTarget section */

/* Begin PBXProject section */
		EA5D58961896FF39005A9C47 /* Project object */ = {
			isa = PBXProject;
			attributes = {
				LastUpgradeCheck = 0510;
				ORGANIZATIONNAME = Nick;
				TargetAttributes = {
					EA5D589D1896FF39005A9C47 = {
						DevelopmentTeam = SLJ5RC2A7J;
					};
					EA5D58BE1896FF39005A9C47 = {
						TestTargetID = EA5D589D1896FF39005A9C47;
					};
				};
			};
			buildConfigurationList = EA5D58991896FF39005A9C47 /* Build configuration list for PBXProject "Library App" */;
			compatibilityVersion = "Xcode 3.2";
			developmentRegion = English;
			hasScannedForEncodings = 0;
			knownRegions = (
				en,
				Base,
			);
			mainGroup = EA5D58951896FF39005A9C47;
			productRefGroup = EA5D589F1896FF39005A9C47 /* Products */;
			projectDirPath = "";
			projectReferences = (
				{
					ProductGroup = EA87366718D79880002EF060 /* Products */;
					ProjectRef = EA87366618D79880002EF060 /* mailcore2.xcodeproj */;
				},
				{
					ProductGroup = EAFFF8BC18EF3D6D00510640 /* Products */;
					ProjectRef = EAFFF8BB18EF3D6D00510640 /* YahooSocialSdk.xcodeproj */;
				},
			);
			projectRoot = "";
			targets = (
				EA5D589D1896FF39005A9C47 /* Library App */,
				EA5D58BE1896FF39005A9C47 /* Library AppTests */,
			);
		};
/* End PBXProject section */

/* Begin PBXReferenceProxy section */
		EA87366F18D79880002EF060 /* libMailCore.a */ = {
			isa = PBXReferenceProxy;
			fileType = archive.ar;
			path = libMailCore.a;
			remoteRef = EA87366E18D79880002EF060 /* PBXContainerItemProxy */;
			sourceTree = BUILT_PRODUCTS_DIR;
		};
		EA87367118D79880002EF060 /* libMailCore-ios.a */ = {
			isa = PBXReferenceProxy;
			fileType = archive.ar;
			path = "libMailCore-ios.a";
			remoteRef = EA87367018D79880002EF060 /* PBXContainerItemProxy */;
			sourceTree = BUILT_PRODUCTS_DIR;
		};
		EA87367318D79880002EF060 /* tests */ = {
			isa = PBXReferenceProxy;
			fileType = "compiled.mach-o.executable";
			path = tests;
			remoteRef = EA87367218D79880002EF060 /* PBXContainerItemProxy */;
			sourceTree = BUILT_PRODUCTS_DIR;
		};
		EA87367518D79880002EF060 /* test-ios.app */ = {
			isa = PBXReferenceProxy;
			fileType = wrapper.application;
			path = "test-ios.app";
			remoteRef = EA87367418D79880002EF060 /* PBXContainerItemProxy */;
			sourceTree = BUILT_PRODUCTS_DIR;
		};
		EA87367718D79880002EF060 /* MailCore.framework */ = {
			isa = PBXReferenceProxy;
			fileType = wrapper.framework;
			path = MailCore.framework;
			remoteRef = EA87367618D79880002EF060 /* PBXContainerItemProxy */;
			sourceTree = BUILT_PRODUCTS_DIR;
		};
		EAFFF8C418EF3D6D00510640 /* YahooSocialSdk.framework */ = {
			isa = PBXReferenceProxy;
			fileType = wrapper.framework;
			path = YahooSocialSdk.framework;
			remoteRef = EAFFF8C318EF3D6D00510640 /* PBXContainerItemProxy */;
			sourceTree = BUILT_PRODUCTS_DIR;
		};
/* End PBXReferenceProxy section */

/* Begin PBXResourcesBuildPhase section */
		EA5D589C1896FF39005A9C47 /* Resources */ = {
			isa = PBXResourcesBuildPhase;
			buildActionMask = 2147483647;
			files = (
				EA5D58BA1896FF39005A9C47 /* Images.xcassets in Resources */,
				EA5D58AC1896FF39005A9C47 /* InfoPlist.strings in Resources */,
				EA5D58B51896FF39005A9C47 /* Main.storyboard in Resources */,
			);
			runOnlyForDeploymentPostprocessing = 0;
		};
		EA5D58BD1896FF39005A9C47 /* Resources */ = {
			isa = PBXResourcesBuildPhase;
			buildActionMask = 2147483647;
			files = (
				EA5D58CB1896FF39005A9C47 /* InfoPlist.strings in Resources */,
			);
			runOnlyForDeploymentPostprocessing = 0;
		};
/* End PBXResourcesBuildPhase section */

/* Begin PBXSourcesBuildPhase section */
		EA5D589A1896FF39005A9C47 /* Sources */ = {
			isa = PBXSourcesBuildPhase;
			buildActionMask = 2147483647;
			files = (
				EA1018E0191AC19B003AF4A7 /* FAQ.m in Sources */,
				EAFFF8F618EF3F4900510640 /* NSString+URLEncoding.m in Sources */,
				EAFFF91718EF3F6300510640 /* YOSAccessToken.m in Sources */,
				EAFFF91D18EF3F6300510640 /* YOSResponseData.m in Sources */,
				EA1018DD191AC013003AF4A7 /* FAQVC.m in Sources */,
				EA35E63018A2B4FE0087CE4F /* DetailedRSSVC.m in Sources */,
				EA3A4978189C294C00EFD00E /* GoogleCal.m in Sources */,
				EAFFF8F418EF3F4900510640 /* NSData+OAuthResponse.m in Sources */,
				EAFFF91818EF3F6300510640 /* YOSAuthRequest.m in Sources */,
				EAFFF92218EF3F6300510640 /* YQLQueryRequest.m in Sources */,
				EAFFF91A18EF3F6300510640 /* YOSOpenSocialRequest.m in Sources */,
				EAFFF91B18EF3F6300510640 /* YOSRequestClient.m in Sources */,
				EAFFF8F518EF3F4900510640 /* NSDictionary+QueryString.m in Sources */,
				EAFFF91E18EF3F6300510640 /* YOSSession.m in Sources */,
				EAFFF8FA18EF3F4900510640 /* YOAuthSignatureMethod_PLAINTEXT.m in Sources */,
				EA7FAD4818A2AB3D007612DA /* NSString+HTML.m in Sources */,
				EA2AEE9C18E610D7002C95AE /* CreateTextbookVC.m in Sources */,
				EA7FAD4518A2AB3D007612DA /* MWFeedParser.m in Sources */,
				EA2BEA6D18B80C1200970E8E /* MainMenuVC.m in Sources */,
				EAFFF8F718EF3F4900510640 /* YOAuthConsumer.m in Sources */,
				EAFFF92018EF3F6300510640 /* YOSUser.m in Sources */,
				EABFDD8F18A54B050044E7E4 /* FeedbackVC.m in Sources */,
				EA55057418F8663C009D4DAF /* Author_Textbook.m in Sources */,
				EA32516E191BE908006BBF9E /* DetailedFAQVC.m in Sources */,
				EA7FAD4718A2AB3D007612DA /* MWFeedItem.m in Sources */,
				EAFFF8FB18EF3F4900510640 /* YOAuthToken.m in Sources */,
				EA6C8AA918CA7755005EFBE7 /* TextbookC.m in Sources */,
				EA7FAD4A18A2AB3D007612DA /* GTMNSString+HTML.m in Sources */,
				EAFFF8F318EF3F4900510640 /* Base64Transcoder.c in Sources */,
				EAFFF8DA18EF3F0F00510640 /* SBJSON.m in Sources */,
				EAFFF92118EF3F6300510640 /* YOSUserRequest.m in Sources */,
				EA7FAD4618A2AB3D007612DA /* MWFeedInfo.m in Sources */,
				EA35FAD918A05B59008A36E3 /* RSSVC.m in Sources */,
				EA098CBF18C11FD200A41031 /* TextbooksClassVC.m in Sources */,
				EAFFF8F818EF3F4900510640 /* YOAuthRequest.m in Sources */,
				EA2AEE9F18E61354002C95AE /* viewTextbook.m in Sources */,
				EAFFF8F918EF3F4900510640 /* YOAuthSignatureMethod_HMAC-SHA1.m in Sources */,
				EAFFF91F18EF3F6300510640 /* YOSTokenStore.m in Sources */,
				EA5E3F9918C135B5000064D6 /* TextbookTBVC.m in Sources */,
				EA67846718BBE41F00BAF544 /* Textbooks.xcdatamodeld in Sources */,
				EA82973A1901D04A007839BF /* DatabaseVC.m in Sources */,
				EA7FAD4918A2AB3D007612DA /* NSDate+InternetDateTime.m in Sources */,
				EAFFF8D818EF3F0F00510640 /* NSObject+SBJSON.m in Sources */,
				EA5D58B21896FF39005A9C47 /* AppDelegate.m in Sources */,
				EA5D58D8189700AD005A9C47 /* HoursVC.m in Sources */,
				EA55057118F8663C009D4DAF /* Textbook.m in Sources */,
				EA55056B18F8663C009D4DAF /* Authors.m in Sources */,
				EA55057718F8663C009D4DAF /* Courses.m in Sources */,
				EAFFF8FC18EF3F4900510640 /* YOAuthUtil.m in Sources */,
				EA098CB518C1093200A41031 /* TextbookVC.m in Sources */,
				EAFFF8D918EF3F0F00510640 /* NSString+SBJSON.m in Sources */,
				EA55056E18F8663C009D4DAF /* Course_Textbook.m in Sources */,
				EAFFF91C18EF3F6300510640 /* YOSRequestToken.m in Sources */,
				EAFFF91918EF3F6300510640 /* YOSBaseRequest.m in Sources */,
				EA1018D51919404D003AF4A7 /* DatabaseResource.m in Sources */,
				EA5D58AE1896FF39005A9C47 /* main.m in Sources */,
			);
			runOnlyForDeploymentPostprocessing = 0;
		};
		EA5D58BB1896FF39005A9C47 /* Sources */ = {
			isa = PBXSourcesBuildPhase;
			buildActionMask = 2147483647;
			files = (
				EA5D58CD1896FF39005A9C47 /* Library_AppTests.m in Sources */,
			);
			runOnlyForDeploymentPostprocessing = 0;
		};
/* End PBXSourcesBuildPhase section */

/* Begin PBXTargetDependency section */
		EA5D58C51896FF39005A9C47 /* PBXTargetDependency */ = {
			isa = PBXTargetDependency;
			target = EA5D589D1896FF39005A9C47 /* Library App */;
			targetProxy = EA5D58C41896FF39005A9C47 /* PBXContainerItemProxy */;
		};
		EA87367918D7993A002EF060 /* PBXTargetDependency */ = {
			isa = PBXTargetDependency;
			name = "static mailcore2 ios";
			targetProxy = EA87367818D7993A002EF060 /* PBXContainerItemProxy */;
		};
/* End PBXTargetDependency section */

/* Begin PBXVariantGroup section */
		EA5D58AA1896FF39005A9C47 /* InfoPlist.strings */ = {
			isa = PBXVariantGroup;
			children = (
				EA5D58AB1896FF39005A9C47 /* en */,
			);
			name = InfoPlist.strings;
			sourceTree = "<group>";
		};
		EA5D58B31896FF39005A9C47 /* Main.storyboard */ = {
			isa = PBXVariantGroup;
			children = (
				EA5D58B41896FF39005A9C47 /* Base */,
			);
			name = Main.storyboard;
			sourceTree = "<group>";
		};
		EA5D58C91896FF39005A9C47 /* InfoPlist.strings */ = {
			isa = PBXVariantGroup;
			children = (
				EA5D58CA1896FF39005A9C47 /* en */,
			);
			name = InfoPlist.strings;
			sourceTree = "<group>";
		};
/* End PBXVariantGroup section */

/* Begin XCBuildConfiguration section */
		EA5D58CE1896FF39005A9C47 /* Debug */ = {
			isa = XCBuildConfiguration;
			buildSettings = {
				ALWAYS_SEARCH_USER_PATHS = NO;
				CLANG_CXX_LANGUAGE_STANDARD = "gnu++0x";
				CLANG_CXX_LIBRARY = "libc++";
				CLANG_ENABLE_MODULES = YES;
				CLANG_ENABLE_OBJC_ARC = YES;
				CLANG_WARN_BOOL_CONVERSION = YES;
				CLANG_WARN_CONSTANT_CONVERSION = YES;
				CLANG_WARN_DIRECT_OBJC_ISA_USAGE = YES_ERROR;
				CLANG_WARN_EMPTY_BODY = YES;
				CLANG_WARN_ENUM_CONVERSION = YES;
				CLANG_WARN_INT_CONVERSION = YES;
				CLANG_WARN_OBJC_ROOT_CLASS = YES_ERROR;
				CLANG_WARN__DUPLICATE_METHOD_MATCH = YES;
				CODE_SIGN_IDENTITY = "iPhone Developer";
				"CODE_SIGN_IDENTITY[sdk=iphoneos*]" = "iPhone Developer";
				COPY_PHASE_STRIP = NO;
				GCC_C_LANGUAGE_STANDARD = gnu99;
				GCC_DYNAMIC_NO_PIC = NO;
				GCC_OPTIMIZATION_LEVEL = 0;
				GCC_PREPROCESSOR_DEFINITIONS = (
					"DEBUG=1",
					"$(inherited)",
				);
				GCC_SYMBOLS_PRIVATE_EXTERN = NO;
				GCC_WARN_64_TO_32_BIT_CONVERSION = YES;
				GCC_WARN_ABOUT_RETURN_TYPE = YES_ERROR;
				GCC_WARN_UNDECLARED_SELECTOR = YES;
				GCC_WARN_UNINITIALIZED_AUTOS = YES;
				GCC_WARN_UNUSED_FUNCTION = YES;
				GCC_WARN_UNUSED_VARIABLE = YES;
				IPHONEOS_DEPLOYMENT_TARGET = 7.0;
				ONLY_ACTIVE_ARCH = YES;
				SDKROOT = iphoneos;
			};
			name = Debug;
		};
		EA5D58CF1896FF39005A9C47 /* Release */ = {
			isa = XCBuildConfiguration;
			buildSettings = {
				ALWAYS_SEARCH_USER_PATHS = NO;
				CLANG_CXX_LANGUAGE_STANDARD = "gnu++0x";
				CLANG_CXX_LIBRARY = "libc++";
				CLANG_ENABLE_MODULES = YES;
				CLANG_ENABLE_OBJC_ARC = YES;
				CLANG_WARN_BOOL_CONVERSION = YES;
				CLANG_WARN_CONSTANT_CONVERSION = YES;
				CLANG_WARN_DIRECT_OBJC_ISA_USAGE = YES_ERROR;
				CLANG_WARN_EMPTY_BODY = YES;
				CLANG_WARN_ENUM_CONVERSION = YES;
				CLANG_WARN_INT_CONVERSION = YES;
				CLANG_WARN_OBJC_ROOT_CLASS = YES_ERROR;
				CLANG_WARN__DUPLICATE_METHOD_MATCH = YES;
				CODE_SIGN_IDENTITY = "iPhone Developer";
				"CODE_SIGN_IDENTITY[sdk=iphoneos*]" = "iPhone Developer";
				COPY_PHASE_STRIP = YES;
				ENABLE_NS_ASSERTIONS = NO;
				GCC_C_LANGUAGE_STANDARD = gnu99;
				GCC_WARN_64_TO_32_BIT_CONVERSION = YES;
				GCC_WARN_ABOUT_RETURN_TYPE = YES_ERROR;
				GCC_WARN_UNDECLARED_SELECTOR = YES;
				GCC_WARN_UNINITIALIZED_AUTOS = YES;
				GCC_WARN_UNUSED_FUNCTION = YES;
				GCC_WARN_UNUSED_VARIABLE = YES;
				IPHONEOS_DEPLOYMENT_TARGET = 7.0;
				SDKROOT = iphoneos;
				VALIDATE_PRODUCT = YES;
			};
			name = Release;
		};
		EA5D58D11896FF39005A9C47 /* Debug */ = {
			isa = XCBuildConfiguration;
			buildSettings = {
				ASSETCATALOG_COMPILER_APPICON_NAME = AppIcon;
				ASSETCATALOG_COMPILER_LAUNCHIMAGE_NAME = LaunchImage;
				CLANG_CXX_LIBRARY = "libstdc++";
				CLANG_ENABLE_OBJC_ARC = YES;
				CODE_SIGN_IDENTITY = "iPhone Developer";
				GCC_PRECOMPILE_PREFIX_HEADER = YES;
				GCC_PREFIX_HEADER = "Library App/Library App-Prefix.pch";
				INFOPLIST_FILE = "Library App/Library App-Info.plist";
				OTHER_LDFLAGS = (
					"-lctemplate-ios",
					"-letpan-ios",
					"-licudata",
					"-licui18n",
					"-licuuc",
					"-lxml2",
					"-lsasl2",
					"-liconv",
					"-ltidy",
					"-lz",
					"-licucore",
					"-lstdc++",
					"-stdlib=libstdc++",
					"-ObjC",
				);
				PRODUCT_NAME = "$(TARGET_NAME)";
				WRAPPER_EXTENSION = app;
			};
			name = Debug;
		};
		EA5D58D21896FF39005A9C47 /* Release */ = {
			isa = XCBuildConfiguration;
			buildSettings = {
				ASSETCATALOG_COMPILER_APPICON_NAME = AppIcon;
				ASSETCATALOG_COMPILER_LAUNCHIMAGE_NAME = LaunchImage;
				CLANG_CXX_LIBRARY = "libstdc++";
				CLANG_ENABLE_OBJC_ARC = YES;
				CODE_SIGN_IDENTITY = "iPhone Developer";
				GCC_PRECOMPILE_PREFIX_HEADER = YES;
				GCC_PREFIX_HEADER = "Library App/Library App-Prefix.pch";
				INFOPLIST_FILE = "Library App/Library App-Info.plist";
				OTHER_LDFLAGS = (
					"-lctemplate-ios",
					"-letpan-ios",
					"-licudata",
					"-licui18n",
					"-licuuc",
					"-lxml2",
					"-lsasl2",
					"-liconv",
					"-ltidy",
					"-lz",
					"-licucore",
					"-lstdc++",
					"-stdlib=libstdc++",
					"-ObjC",
				);
				PRODUCT_NAME = "$(TARGET_NAME)";
				WRAPPER_EXTENSION = app;
			};
			name = Release;
		};
		EA5D58D41896FF39005A9C47 /* Debug */ = {
			isa = XCBuildConfiguration;
			buildSettings = {
				BUNDLE_LOADER = "$(BUILT_PRODUCTS_DIR)/Library App.app/Library App";
				FRAMEWORK_SEARCH_PATHS = (
					"$(SDKROOT)/Developer/Library/Frameworks",
					"$(inherited)",
					"$(DEVELOPER_FRAMEWORKS_DIR)",
				);
				GCC_PRECOMPILE_PREFIX_HEADER = YES;
				GCC_PREFIX_HEADER = "Library App/Library App-Prefix.pch";
				GCC_PREPROCESSOR_DEFINITIONS = (
					"DEBUG=1",
					"$(inherited)",
				);
				INFOPLIST_FILE = "Library AppTests/Library AppTests-Info.plist";
				PRODUCT_NAME = "$(TARGET_NAME)";
				TEST_HOST = "$(BUNDLE_LOADER)";
				WRAPPER_EXTENSION = xctest;
			};
			name = Debug;
		};
		EA5D58D51896FF39005A9C47 /* Release */ = {
			isa = XCBuildConfiguration;
			buildSettings = {
				BUNDLE_LOADER = "$(BUILT_PRODUCTS_DIR)/Library App.app/Library App";
				FRAMEWORK_SEARCH_PATHS = (
					"$(SDKROOT)/Developer/Library/Frameworks",
					"$(inherited)",
					"$(DEVELOPER_FRAMEWORKS_DIR)",
				);
				GCC_PRECOMPILE_PREFIX_HEADER = YES;
				GCC_PREFIX_HEADER = "Library App/Library App-Prefix.pch";
				INFOPLIST_FILE = "Library AppTests/Library AppTests-Info.plist";
				PRODUCT_NAME = "$(TARGET_NAME)";
				TEST_HOST = "$(BUNDLE_LOADER)";
				WRAPPER_EXTENSION = xctest;
			};
			name = Release;
		};
/* End XCBuildConfiguration section */

/* Begin XCConfigurationList section */
		EA5D58991896FF39005A9C47 /* Build configuration list for PBXProject "Library App" */ = {
			isa = XCConfigurationList;
			buildConfigurations = (
				EA5D58CE1896FF39005A9C47 /* Debug */,
				EA5D58CF1896FF39005A9C47 /* Release */,
			);
			defaultConfigurationIsVisible = 0;
			defaultConfigurationName = Release;
		};
		EA5D58D01896FF39005A9C47 /* Build configuration list for PBXNativeTarget "Library App" */ = {
			isa = XCConfigurationList;
			buildConfigurations = (
				EA5D58D11896FF39005A9C47 /* Debug */,
				EA5D58D21896FF39005A9C47 /* Release */,
			);
			defaultConfigurationIsVisible = 0;
			defaultConfigurationName = Release;
		};
		EA5D58D31896FF39005A9C47 /* Build configuration list for PBXNativeTarget "Library AppTests" */ = {
			isa = XCConfigurationList;
			buildConfigurations = (
				EA5D58D41896FF39005A9C47 /* Debug */,
				EA5D58D51896FF39005A9C47 /* Release */,
			);
			defaultConfigurationIsVisible = 0;
			defaultConfigurationName = Release;
		};
/* End XCConfigurationList section */

/* Begin XCVersionGroup section */
		EA67846518BBE41F00BAF544 /* Textbooks.xcdatamodeld */ = {
			isa = XCVersionGroup;
			children = (
				EA67846618BBE41F00BAF544 /* Textbooks.xcdatamodel */,
			);
			currentVersion = EA67846618BBE41F00BAF544 /* Textbooks.xcdatamodel */;
			path = Textbooks.xcdatamodeld;
			sourceTree = "<group>";
			versionGroupType = wrapper.xcdatamodel;
		};
/* End XCVersionGroup section */
	};
	rootObject = EA5D58961896FF39005A9C47 /* Project object */;
}
